
Microsoft Visual Studio Solution File, Format Version 12.00
# Visual Studio Version 17
VisualStudioVersion = 17.11.35327.3
MinimumVisualStudioVersion = 10.0.40219.1
Project("{FAE04EC0-301F-11D3-BF4B-00C04F79EFBC}") = "ecomerce", "ecomerce.csproj", "{EF51CFD2-5364-485D-A664-9E649D50A393}"
EndProject
Global
	GlobalSection(SolutionConfigurationPlatforms) = preSolution
		Debug|Any CPU = Debug|Any CPU
		Release|Any CPU = Release|Any CPU
	EndGlobalSection
	GlobalSection(ProjectConfigurationPlatforms) = postSolution
		{EF51CFD2-5364-485D-A664-9E649D50A393}.Debug|Any CPU.ActiveCfg = Debug|Any CPU
		{EF51CFD2-5364-485D-A664-9E649D50A393}.Debug|Any CPU.Build.0 = Debug|Any CPU
		{EF51CFD2-5364-485D-A664-9E649D50A393}.Release|Any CPU.ActiveCfg = Release|Any CPU
		{EF51CFD2-5364-485D-A664-9E649D50A393}.Release|Any CPU.Build.0 = Release|Any CPU
	EndGlobalSection
	GlobalSection(SolutionProperties) = preSolution
		HideSolutionNode = FALSE
	EndGlobalSection
	GlobalSection(ExtensibilityGlobals) = postSolution
		SolutionGuid = {B38C18C2-8CC1-4832-B56F-26F60D6C37AC}
	EndGlobalSection
EndGlobal
